{
    "_readme": [
        "This file locks the dependencies of your project to a known state",
        "Read more about it at https://getcomposer.org/doc/01-basic-usage.md#composer-lock-the-lock-file",
        "This file is @generated automatically"
    ],
    "content-hash": "4b8c72d507e29dc57ed544d01f608494",
    "packages": [
        {
            "name": "workerman/gateway-worker",
            "version": "v3.0.7",
            "source": {
                "type": "git",
                "url": "https://github.com/walkor/GatewayWorker.git",
                "reference": "4444c59da4b5cd68679172904a40b66e1338389c"
            },
            "dist": {
                "type": "zip",
                "url": "https://api.github.com/repos/walkor/GatewayWorker/zipball/4444c59da4b5cd68679172904a40b66e1338389c",
                "reference": "4444c59da4b5cd68679172904a40b66e1338389c",
                "shasum": "",
                "mirrors": [
                    {
                        "url": "https://dl.laravel-china.org/%package%/%reference%.%type%",
                        "preferred": true
                    }
                ]
            },
            "require": {
                "workerman/workerman": ">=3.1.8"
            },
            "type": "library",
            "autoload": {
                "psr-4": {
                    "GatewayWorker\\": "./src"
                }
            },
            "notification-url": "https://packagist.org/downloads/",
            "license": [
                "MIT"
            ],
            "homepage": "http://www.workerman.net",
            "keywords": [
                "communication",
                "distributed"
            ],
            "time": "2017-06-26T14:49:54+00:00"
        },
        {
            "name": "workerman/gatewayclient",
            "version": "v3.0.0",
            "source": {
                "type": "git",
                "url": "https://github.com/walkor/GatewayClient.git",
                "reference": "e58edc1f5eee7465c24fc97d8adff1f59b1b8455"
            },
            "dist": {
                "type": "zip",
                "url": "https://api.github.com/repos/walkor/GatewayClient/zipball/e58edc1f5eee7465c24fc97d8adff1f59b1b8455",
                "reference": "e58edc1f5eee7465c24fc97d8adff1f59b1b8455",
                "shasum": "",
                "mirrors": [
                    {
                        "url": "https://dl.laravel-china.org/%package%/%reference%.%type%",
                        "preferred": true
                    }
                ]
            },
            "type": "library",
            "autoload": {
                "psr-4": {
                    "GatewayClient\\": "./"
                }
            },
            "notification-url": "https://packagist.org/downloads/",
            "license": [
                "MIT"
            ],
            "homepage": "http://www.workerman.net",
            "time": "2016-12-07T09:06:11+00:00"
        },
        {
            "name": "workerman/globaldata",
            "version": "v1.0.2",
            "source": {
                "type": "git",
                "url": "https://github.com/walkor/GlobalData.git",
                "reference": "ea3eca7b351693b4fb8580e7b351f12dd28c78fe"
            },
            "dist": {
                "type": "zip",
                "url": "https://api.github.com/repos/walkor/GlobalData/zipball/ea3eca7b351693b4fb8580e7b351f12dd28c78fe",
                "reference": "ea3eca7b351693b4fb8580e7b351f12dd28c78fe",
                "shasum": "",
                "mirrors": [
                    {
                        "url": "https://dl.laravel-china.org/%package%/%reference%.%type%",
                        "preferred": true
                    }
                ]
            },
            "require": {
                "workerman/workerman": ">=3.3.0"
            },
            "type": "project",
            "autoload": {
                "psr-4": {
                    "GlobalData\\": "./src"
                }
            },
            "notification-url": "https://packagist.org/downloads/",
            "license": [
                "MIT"
            ],
            "homepage": "http://www.workerman.net",
            "time": "2016-06-02T06:35:44+00:00"
        },
        {
            "name": "workerman/mysql",
            "version": "v1.0.1",
            "source": {
                "type": "git",
                "url": "https://github.com/walkor/mysql.git",
                "reference": "745d62528372e0ca7f1be05f029493b9fce2dc76"
            },
            "dist": {
                "type": "zip",
                "url": "https://api.github.com/repos/walkor/mysql/zipball/745d62528372e0ca7f1be05f029493b9fce2dc76",
                "reference": "745d62528372e0ca7f1be05f029493b9fce2dc76",
                "shasum": "",
                "mirrors": [
                    {
                        "url": "https://dl.laravel-china.org/%package%/%reference%.%type%",
                        "preferred": true
                    }
                ]
            },
            "require": {
                "ext-pdo": "*",
                "ext-pdo_mysql": "*",
                "php": ">=5.3"
            },
            "type": "library",
            "autoload": {
                "psr-4": {
                    "Workerman\\MySQL\\": "./src"
                }
            },
            "notification-url": "https://packagist.org/downloads/",
            "license": [
                "MIT"
            ],
            "description": "Long-living MySQL connection for daemon.",
            "homepage": "http://www.workerman.net",
            "keywords": [
                "mysql",
                "pdo",
                "pdo_mysql"
            ],
            "time": "2017-03-18T01:48:33+00:00"
        },
        {
            "name": "workerman/workerman",
            "version": "v3.5.1",
            "source": {
                "type": "git",
                "url": "https://github.com/walkor/Workerman.git",
                "reference": "01aadefdc3e7bf65dd0956d1d876bc9d27cd9156"
            },
            "dist": {
                "type": "zip",
                "url": "https://api.github.com/repos/walkor/Workerman/zipball/01aadefdc3e7bf65dd0956d1d876bc9d27cd9156",
                "reference": "01aadefdc3e7bf65dd0956d1d876bc9d27cd9156",
                "shasum": "",
                "mirrors": [
                    {
                        "url": "https://dl.laravel-china.org/%package%/%reference%.%type%",
                        "preferred": true
                    }
                ]
            },
            "require": {
                "ext-pcntl": "*",
                "ext-posix": "*",
                "php": ">=5.3"
            },
            "suggest": {
                "ext-event": "For better performance. "
            },
            "type": "library",
            "autoload": {
                "psr-4": {
                    "Workerman\\": "./"
                }
            },
            "notification-url": "https://packagist.org/downloads/",
            "license": [
                "MIT"
            ],
            "authors": [
                {
                    "name": "walkor",
                    "email": "walkor@workerman.net",
                    "homepage": "http://www.workerman.net",
                    "role": "Developer"
                }
            ],
            "description": "An asynchronous event driven PHP framework for easily building fast, scalable network applications.",
            "homepage": "http://www.workerman.net",
            "keywords": [
                "asynchronous",
                "event-loop"
            ],
            "time": "2017-08-25T08:26:28+00:00"
        }
    ],
    "packages-dev": [],
    "aliases": [],
    "minimum-stability": "stable",
    "stability-flags": [],
    "prefer-stable": false,
    "prefer-lowest": false,
    "platform": [],
    "platform-dev": []
}
